
Microsoft Visual Studio Solution File, Format Version 12.00
# Visual Studio Version 16
VisualStudioVersion = 16.0.28729.10
MinimumVisualStudioVersion = 10.0.40219.1
Project("{FAE04EC0-301F-11D3-BF4B-00C04F79EFBC}") = "WordBarrage", "WordBarrage\WordBarrage.csproj", "{40BB4CCC-061A-4B57-9753-DA72FEA093DE}"
EndProject
Global
	GlobalSection(SolutionConfigurationPlatforms) = preSolution
		Debug|Any CPU = Debug|Any CPU
		Release|Any CPU = Release|Any CPU
	EndGlobalSection
	GlobalSection(ProjectConfigurationPlatforms) = postSolution
		{40BB4CCC-061A-4B57-9753-DA72FEA093DE}.Debug|Any CPU.ActiveCfg = Debug|Any CPU
		{40BB4CCC-061A-4B57-9753-DA72FEA093DE}.Debug|Any CPU.Build.0 = Debug|Any CPU
		{40BB4CCC-061A-4B57-9753-DA72FEA093DE}.Release|Any CPU.ActiveCfg = Release|Any CPU
		{40BB4CCC-061A-4B57-9753-DA72FEA093DE}.Release|Any CPU.Build.0 = Release|Any CPU
	EndGlobalSection
	GlobalSection(SolutionProperties) = preSolution
		HideSolutionNode = FALSE
	EndGlobalSection
	GlobalSection(ExtensibilityGlobals) = postSolution
		SolutionGuid = {6EF76D7D-0E5A-41A5-874C-9D817B598111}
	EndGlobalSection
EndGlobal
